
Microsoft Visual Studio Solution File, Format Version 12.00
# Visual Studio Version 17
VisualStudioVersion = 17.6.33723.286
MinimumVisualStudioVersion = 10.0.40219.1
Project("{FAE04EC0-301F-11D3-BF4B-00C04F79EFBC}") = "Conductor", "Conductor\Conductor.csproj", "{3CDCCE03-3661-4625-904A-51F573CCA244}"
EndProject
Global
	GlobalSection(SolutionConfigurationPlatforms) = preSolution
		Debug|Any CPU = Debug|Any CPU
		Release|Any CPU = Release|Any CPU
	EndGlobalSection
	GlobalSection(ProjectConfigurationPlatforms) = postSolution
		{3CDCCE03-3661-4625-904A-51F573CCA244}.Debug|Any CPU.ActiveCfg = Debug|Any CPU
		{3CDCCE03-3661-4625-904A-51F573CCA244}.Debug|Any CPU.Build.0 = Debug|Any CPU
		{3CDCCE03-3661-4625-904A-51F573CCA244}.Release|Any CPU.ActiveCfg = Release|Any CPU
		{3CDCCE03-3661-4625-904A-51F573CCA244}.Release|Any CPU.Build.0 = Release|Any CPU
	EndGlobalSection
	GlobalSection(SolutionProperties) = preSolution
		HideSolutionNode = FALSE
	EndGlobalSection
	GlobalSection(ExtensibilityGlobals) = postSolution
		SolutionGuid = {1D2ABD47-9EDA-46C7-B246-61ADCFD0E23D}
	EndGlobalSection
EndGlobal
